
Microsoft Visual Studio Solution File, Format Version 12.00
Project("{FAE04EC0-301F-11D3-BF4B-00C04F79EFBC}") = "SmartHouseController.MQTT.Broker.Domain", "SmartHouseController.MQTT.Broker\SmartHouseController.MQTT.Broker.Domain\SmartHouseController.MQTT.Broker.Domain.csproj", "{841EAE85-B4D0-428C-BEB2-DB127BAB5848}"
EndProject
Project("{FAE04EC0-301F-11D3-BF4B-00C04F79EFBC}") = "SmartHouseController.MQTT.Broker.Server", "SmartHouseController.MQTT.Broker\SmartHouseController.MQTT.Broker.Server\SmartHouseController.MQTT.Broker.Server.csproj", "{CFBF0D70-000C-49EF-AE4C-35C1EC5E36FB}"
EndProject
Global
	GlobalSection(SolutionConfigurationPlatforms) = preSolution
		Debug|Any CPU = Debug|Any CPU
		Release|Any CPU = Release|Any CPU
	EndGlobalSection
	GlobalSection(ProjectConfigurationPlatforms) = postSolution
		{841EAE85-B4D0-428C-BEB2-DB127BAB5848}.Debug|Any CPU.ActiveCfg = Debug|Any CPU
		{841EAE85-B4D0-428C-BEB2-DB127BAB5848}.Debug|Any CPU.Build.0 = Debug|Any CPU
		{841EAE85-B4D0-428C-BEB2-DB127BAB5848}.Release|Any CPU.ActiveCfg = Release|Any CPU
		{841EAE85-B4D0-428C-BEB2-DB127BAB5848}.Release|Any CPU.Build.0 = Release|Any CPU
		{CFBF0D70-000C-49EF-AE4C-35C1EC5E36FB}.Debug|Any CPU.ActiveCfg = Debug|Any CPU
		{CFBF0D70-000C-49EF-AE4C-35C1EC5E36FB}.Debug|Any CPU.Build.0 = Debug|Any CPU
		{CFBF0D70-000C-49EF-AE4C-35C1EC5E36FB}.Release|Any CPU.ActiveCfg = Release|Any CPU
		{CFBF0D70-000C-49EF-AE4C-35C1EC5E36FB}.Release|Any CPU.Build.0 = Release|Any CPU
	EndGlobalSection
EndGlobal
