
Microsoft Visual Studio Solution File, Format Version 12.00
Project("{FAE04EC0-301F-11D3-BF4B-00C04F79EFBC}") = "MqttServer", "MqttServer.csproj", "{8DB9C597-01E2-4BC7-AE55-E31BD2BD7DDA}"
EndProject
Global
	GlobalSection(SolutionConfigurationPlatforms) = preSolution
		Debug|Any CPU = Debug|Any CPU
		Release|Any CPU = Release|Any CPU
	EndGlobalSection
	GlobalSection(ProjectConfigurationPlatforms) = postSolution
		{8DB9C597-01E2-4BC7-AE55-E31BD2BD7DDA}.Debug|Any CPU.ActiveCfg = Debug|Any CPU
		{8DB9C597-01E2-4BC7-AE55-E31BD2BD7DDA}.Debug|Any CPU.Build.0 = Debug|Any CPU
		{8DB9C597-01E2-4BC7-AE55-E31BD2BD7DDA}.Release|Any CPU.ActiveCfg = Release|Any CPU
		{8DB9C597-01E2-4BC7-AE55-E31BD2BD7DDA}.Release|Any CPU.Build.0 = Release|Any CPU
	EndGlobalSection
EndGlobal
